// !$*UTF8*$!
{
	archiveVersion = 1;
	classes = {
	};
	objectVersion = 55;
	objects = {

/* Begin PBXBuildFile section */
		BD2B0F0E27C556C800D3CD6A /* MealPlannerApp.swift in Sources */ = {isa = PBXBuildFile; fileRef = BD2B0F0D27C556C800D3CD6A /* MealPlannerApp.swift */; };
		BD2B0F1027C556C800D3CD6A /* ContentView.swift in Sources */ = {isa = PBXBuildFile; fileRef = BD2B0F0F27C556C800D3CD6A /* ContentView.swift */; };
		BD2B0F1227C556C900D3CD6A /* Assets.xcassets in Resources */ = {isa = PBXBuildFile; fileRef = BD2B0F1127C556C900D3CD6A /* Assets.xcassets */; };
		BD2B0F1527C556C900D3CD6A /* Preview Assets.xcassets in Resources */ = {isa = PBXBuildFile; fileRef = BD2B0F1427C556C900D3CD6A /* Preview Assets.xcassets */; };
		BD2B0F1727C556C900D3CD6A /* Persistence.swift in Sources */ = {isa = PBXBuildFile; fileRef = BD2B0F1627C556C900D3CD6A /* Persistence.swift */; };
		BD2B0F1A27C556C900D3CD6A /* MealPlanner.xcdatamodeld in Sources */ = {isa = PBXBuildFile; fileRef = BD2B0F1827C556C900D3CD6A /* MealPlanner.xcdatamodeld */; };
		BD2B0F2427C556C900D3CD6A /* MealPlannerTests.swift in Sources */ = {isa = PBXBuildFile; fileRef = BD2B0F2327C556C900D3CD6A /* MealPlannerTests.swift */; };
		BD2B0F2E27C556C900D3CD6A /* MealPlannerUITests.swift in Sources */ = {isa = PBXBuildFile; fileRef = BD2B0F2D27C556C900D3CD6A /* MealPlannerUITests.swift */; };
		BD2B0F3027C556C900D3CD6A /* MealPlannerUITestsLaunchTests.swift in Sources */ = {isa = PBXBuildFile; fileRef = BD2B0F2F27C556C900D3CD6A /* MealPlannerUITestsLaunchTests.swift */; };
/* End PBXBuildFile section */

/* Begin PBXContainerItemProxy section */
		BD2B0F2027C556C900D3CD6A /* PBXContainerItemProxy */ = {
			isa = PBXContainerItemProxy;
			containerPortal = BD2B0F0227C556C800D3CD6A /* Project object */;
			proxyType = 1;
			remoteGlobalIDString = BD2B0F0927C556C800D3CD6A;
			remoteInfo = MealPlanner;
		};
		BD2B0F2A27C556C900D3CD6A /* PBXContainerItemProxy */ = {
			isa = PBXContainerItemProxy;
			containerPortal = BD2B0F0227C556C800D3CD6A /* Project object */;
			proxyType = 1;
			remoteGlobalIDString = BD2B0F0927C556C800D3CD6A;
			remoteInfo = MealPlanner;
		};
/* End PBXContainerItemProxy section */

/* Begin PBXFileReference section */
		BD2B0F0A27C556C800D3CD6A /* MealPlanner.app */ = {isa = PBXFileReference; explicitFileType = wrapper.application; includeInIndex = 0; path = MealPlanner.app; sourceTree = BUILT_PRODUCTS_DIR; };
		BD2B0F0D27C556C800D3CD6A /* MealPlannerApp.swift */ = {isa = PBXFileReference; lastKnownFileType = sourcecode.swift; path = MealPlannerApp.swift; sourceTree = "<group>"; };
		BD2B0F0F27C556C800D3CD6A /* ContentView.swift */ = {isa = PBXFileReference; lastKnownFileType = sourcecode.swift; path = ContentView.swift; sourceTree = "<group>"; };
		BD2B0F1127C556C900D3CD6A /* Assets.xcassets */ = {isa = PBXFileReference; lastKnownFileType = folder.assetcatalog; path = Assets.xcassets; sourceTree = "<group>"; };
		BD2B0F1427C556C900D3CD6A /* Preview Assets.xcassets */ = {isa = PBXFileReference; lastKnownFileType = folder.assetcatalog; path = "Preview Assets.xcassets"; sourceTree = "<group>"; };
		BD2B0F1627C556C900D3CD6A /* Persistence.swift */ = {isa = PBXFileReference; lastKnownFileType = sourcecode.swift; path = Persistence.swift; sourceTree = "<group>"; };
		BD2B0F1927C556C900D3CD6A /* MealPlanner.xcdatamodel */ = {isa = PBXFileReference; lastKnownFileType = wrapper.xcdatamodel; path = MealPlanner.xcdatamodel; sourceTree = "<group>"; };
		BD2B0F1F27C556C900D3CD6A /* MealPlannerTests.xctest */ = {isa = PBXFileReference; explicitFileType = wrapper.cfbundle; includeInIndex = 0; path = MealPlannerTests.xctest; sourceTree = BUILT_PRODUCTS_DIR; };
		BD2B0F2327C556C900D3CD6A /* MealPlannerTests.swift */ = {isa = PBXFileReference; lastKnownFileType = sourcecode.swift; path = MealPlannerTests.swift; sourceTree = "<group>"; };
		BD2B0F2927C556C900D3CD6A /* MealPlannerUITests.xctest */ = {isa = PBXFileReference; explicitFileType = wrapper.cfbundle; includeInIndex = 0; path = MealPlannerUITests.xctest; sourceTree = BUILT_PRODUCTS_DIR; };
		BD2B0F2D27C556C900D3CD6A /* MealPlannerUITests.swift */ = {isa = PBXFileReference; lastKnownFileType = sourcecode.swift; path = MealPlannerUITests.swift; sourceTree = "<group>"; };
		BD2B0F2F27C556C900D3CD6A /* MealPlannerUITestsLaunchTests.swift */ = {isa = PBXFileReference; lastKnownFileType = sourcecode.swift; path = MealPlannerUITestsLaunchTests.swift; sourceTree = "<group>"; };
/* End PBXFileReference section */

/* Begin PBXFrameworksBuildPhase section */
		BD2B0F0727C556C800D3CD6A /* Frameworks */ = {
			isa = PBXFrameworksBuildPhase;
			buildActionMask = 2147483647;
			files = (
			);
			runOnlyForDeploymentPostprocessing = 0;
		};
		BD2B0F1C27C556C900D3CD6A /* Frameworks */ = {
			isa = PBXFrameworksBuildPhase;
			buildActionMask = 2147483647;
			files = (
			);
			runOnlyForDeploymentPostprocessing = 0;
		};
		BD2B0F2627C556C900D3CD6A /* Frameworks */ = {
			isa = PBXFrameworksBuildPhase;
			buildActionMask = 2147483647;
			files = (
			);
			runOnlyForDeploymentPostprocessing = 0;
		};
/* End PBXFrameworksBuildPhase section */

/* Begin PBXGroup section */
		BD2B0F0127C556C800D3CD6A = {
			isa = PBXGroup;
			children = (
				BD2B0F0C27C556C800D3CD6A /* MealPlanner */,
				BD2B0F2227C556C900D3CD6A /* MealPlannerTests */,
				BD2B0F2C27C556C900D3CD6A /* MealPlannerUITests */,
				BD2B0F0B27C556C800D3CD6A /* Products */,
			);
			sourceTree = "<group>";
		};
		BD2B0F0B27C556C800D3CD6A /* Products */ = {
			isa = PBXGroup;
			children = (
				BD2B0F0A27C556C800D3CD6A /* MealPlanner.app */,
				BD2B0F1F27C556C900D3CD6A /* MealPlannerTests.xctest */,
				BD2B0F2927C556C900D3CD6A /* MealPlannerUITests.xctest */,
			);
			name = Products;
			sourceTree = "<group>";
		};
		BD2B0F0C27C556C800D3CD6A /* MealPlanner */ = {
			isa = PBXGroup;
			children = (
				BD2B0F0D27C556C800D3CD6A /* MealPlannerApp.swift */,
				BD2B0F0F27C556C800D3CD6A /* ContentView.swift */,
				BD2B0F1127C556C900D3CD6A /* Assets.xcassets */,
				BD2B0F1627C556C900D3CD6A /* Persistence.swift */,
				BD2B0F1827C556C900D3CD6A /* MealPlanner.xcdatamodeld */,
				BD2B0F1327C556C900D3CD6A /* Preview Content */,
			);
			path = MealPlanner;
			sourceTree = "<group>";
		};
		BD2B0F1327C556C900D3CD6A /* Preview Content */ = {
			isa = PBXGroup;
			children = (
				BD2B0F1427C556C900D3CD6A /* Preview Assets.xcassets */,
			);
			path = "Preview Content";
			sourceTree = "<group>";
		};
		BD2B0F2227C556C900D3CD6A /* MealPlannerTests */ = {
			isa = PBXGroup;
			children = (
				BD2B0F2327C556C900D3CD6A /* MealPlannerTests.swift */,
			);
			path = MealPlannerTests;
			sourceTree = "<group>";
		};
		BD2B0F2C27C556C900D3CD6A /* MealPlannerUITests */ = {
			isa = PBXGroup;
			children = (
				BD2B0F2D27C556C900D3CD6A /* MealPlannerUITests.swift */,
				BD2B0F2F27C556C900D3CD6A /* MealPlannerUITestsLaunchTests.swift */,
			);
			path = MealPlannerUITests;
			sourceTree = "<group>";
		};
/* End PBXGroup section */

/* Begin PBXNativeTarget section */
		BD2B0F0927C556C800D3CD6A /* MealPlanner */ = {
			isa = PBXNativeTarget;
			buildConfigurationList = BD2B0F3327C556C900D3CD6A /* Build configuration list for PBXNativeTarget "MealPlanner" */;
			buildPhases = (
				BD2B0F0627C556C800D3CD6A /* Sources */,
				BD2B0F0727C556C800D3CD6A /* Frameworks */,
				BD2B0F0827C556C800D3CD6A /* Resources */,
			);
			buildRules = (
			);
			dependencies = (
			);
			name = MealPlanner;
			productName = MealPlanner;
			productReference = BD2B0F0A27C556C800D3CD6A /* MealPlanner.app */;
			productType = "com.apple.product-type.application";
		};
		BD2B0F1E27C556C900D3CD6A /* MealPlannerTests */ = {
			isa = PBXNativeTarget;
			buildConfigurationList = BD2B0F3627C556C900D3CD6A /* Build configuration list for PBXNativeTarget "MealPlannerTests" */;
			buildPhases = (
				BD2B0F1B27C556C900D3CD6A /* Sources */,
				BD2B0F1C27C556C900D3CD6A /* Frameworks */,
				BD2B0F1D27C556C900D3CD6A /* Resources */,
			);
			buildRules = (
			);
			dependencies = (
				BD2B0F2127C556C900D3CD6A /* PBXTargetDependency */,
			);
			name = MealPlannerTests;
			productName = MealPlannerTests;
			productReference = BD2B0F1F27C556C900D3CD6A /* MealPlannerTests.xctest */;
			productType = "com.apple.product-type.bundle.unit-test";
		};
		BD2B0F2827C556C900D3CD6A /* MealPlannerUITests */ = {
			isa = PBXNativeTarget;
			buildConfigurationList = BD2B0F3927C556C900D3CD6A /* Build configuration list for PBXNativeTarget "MealPlannerUITests" */;
			buildPhases = (
				BD2B0F2527C556C900D3CD6A /* Sources */,
				BD2B0F2627C556C900D3CD6A /* Frameworks */,
				BD2B0F2727C556C900D3CD6A /* Resources */,
			);
			buildRules = (
			);
			dependencies = (
				BD2B0F2B27C556C900D3CD6A /* PBXTargetDependency */,
			);
			name = MealPlannerUITests;
			productName = MealPlannerUITests;
			productReference = BD2B0F2927C556C900D3CD6A /* MealPlannerUITests.xctest */;
			productType = "com.apple.product-type.bundle.ui-testing";
		};
/* End PBXNativeTarget section */

/* Begin PBXProject section */
		BD2B0F0227C556C800D3CD6A /* Project object */ = {
			isa = PBXProject;
			attributes = {
				BuildIndependentTargetsInParallel = 1;
				LastSwiftUpdateCheck = 1320;
				LastUpgradeCheck = 1320;
				TargetAttributes = {
					BD2B0F0927C556C800D3CD6A = {
						CreatedOnToolsVersion = 13.2.1;
					};
					BD2B0F1E27C556C900D3CD6A = {
						CreatedOnToolsVersion = 13.2.1;
						TestTargetID = BD2B0F0927C556C800D3CD6A;
					};
					BD2B0F2827C556C900D3CD6A = {
						CreatedOnToolsVersion = 13.2.1;
						TestTargetID = BD2B0F0927C556C800D3CD6A;
					};
				};
			};
			buildConfigurationList = BD2B0F0527C556C800D3CD6A /* Build configuration list for PBXProject "MealPlanner" */;
			compatibilityVersion = "Xcode 13.0";
			developmentRegion = en;
			hasScannedForEncodings = 0;
			knownRegions = (
				en,
				Base,
			);
			mainGroup = BD2B0F0127C556C800D3CD6A;
			productRefGroup = BD2B0F0B27C556C800D3CD6A /* Products */;
			projectDirPath = "";
			projectRoot = "";
			targets = (
				BD2B0F0927C556C800D3CD6A /* MealPlanner */,
				BD2B0F1E27C556C900D3CD6A /* MealPlannerTests */,
				BD2B0F2827C556C900D3CD6A /* MealPlannerUITests */,
			);
		};
/* End PBXProject section */

/* Begin PBXResourcesBuildPhase section */
		BD2B0F0827C556C800D3CD6A /* Resources */ = {
			isa = PBXResourcesBuildPhase;
			buildActionMask = 2147483647;
			files = (
				BD2B0F1527C556C900D3CD6A /* Preview Assets.xcassets in Resources */,
				BD2B0F1227C556C900D3CD6A /* Assets.xcassets in Resources */,
			);
			runOnlyForDeploymentPostprocessing = 0;
		};
		BD2B0F1D27C556C900D3CD6A /* Resources */ = {
			isa = PBXResourcesBuildPhase;
			buildActionMask = 2147483647;
			files = (
			);
			runOnlyForDeploymentPostprocessing = 0;
		};
		BD2B0F2727C556C900D3CD6A /* Resources */ = {
			isa = PBXResourcesBuildPhase;
			buildActionMask = 2147483647;
			files = (
			);
			runOnlyForDeploymentPostprocessing = 0;
		};
/* End PBXResourcesBuildPhase section */

/* Begin PBXSourcesBuildPhase section */
		BD2B0F0627C556C800D3CD6A /* Sources */ = {
			isa = PBXSourcesBuildPhase;
			buildActionMask = 2147483647;
			files = (
				BD2B0F1727C556C900D3CD6A /* Persistence.swift in Sources */,
				BD2B0F1027C556C800D3CD6A /* ContentView.swift in Sources */,
				BD2B0F0E27C556C800D3CD6A /* MealPlannerApp.swift in Sources */,
				BD2B0F1A27C556C900D3CD6A /* MealPlanner.xcdatamodeld in Sources */,
			);
			runOnlyForDeploymentPostprocessing = 0;
		};
		BD2B0F1B27C556C900D3CD6A /* Sources */ = {
			isa = PBXSourcesBuildPhase;
			buildActionMask = 2147483647;
			files = (
				BD2B0F2427C556C900D3CD6A /* MealPlannerTests.swift in Sources */,
			);
			runOnlyForDeploymentPostprocessing = 0;
		};
		BD2B0F2527C556C900D3CD6A /* Sources */ = {
			isa = PBXSourcesBuildPhase;
			buildActionMask = 2147483647;
			files = (
				BD2B0F3027C556C900D3CD6A /* MealPlannerUITestsLaunchTests.swift in Sources */,
				BD2B0F2E27C556C900D3CD6A /* MealPlannerUITests.swift in Sources */,
			);
			runOnlyForDeploymentPostprocessing = 0;
		};
/* End PBXSourcesBuildPhase section */

/* Begin PBXTargetDependency section */
		BD2B0F2127C556C900D3CD6A /* PBXTargetDependency */ = {
			isa = PBXTargetDependency;
			target = BD2B0F0927C556C800D3CD6A /* MealPlanner */;
			targetProxy = BD2B0F2027C556C900D3CD6A /* PBXContainerItemProxy */;
		};
		BD2B0F2B27C556C900D3CD6A /* PBXTargetDependency */ = {
			isa = PBXTargetDependency;
			target = BD2B0F0927C556C800D3CD6A /* MealPlanner */;
			targetProxy = BD2B0F2A27C556C900D3CD6A /* PBXContainerItemProxy */;
		};
/* End PBXTargetDependency section */

/* Begin XCBuildConfiguration section */
		BD2B0F3127C556C900D3CD6A /* Debug */ = {
			isa = XCBuildConfiguration;
			buildSettings = {
				ALWAYS_SEARCH_USER_PATHS = NO;
				CLANG_ANALYZER_NONNULL = YES;
				CLANG_ANALYZER_NUMBER_OBJECT_CONVERSION = YES_AGGRESSIVE;
				CLANG_CXX_LANGUAGE_STANDARD = "gnu++17";
				CLANG_CXX_LIBRARY = "libc++";
				CLANG_ENABLE_MODULES = YES;
				CLANG_ENABLE_OBJC_ARC = YES;
				CLANG_ENABLE_OBJC_WEAK = YES;
				CLANG_WARN_BLOCK_CAPTURE_AUTORELEASING = YES;
				CLANG_WARN_BOOL_CONVERSION = YES;
				CLANG_WARN_COMMA = YES;
				CLANG_WARN_CONSTANT_CONVERSION = YES;
				CLANG_WARN_DEPRECATED_OBJC_IMPLEMENTATIONS = YES;
				CLANG_WARN_DIRECT_OBJC_ISA_USAGE = YES_ERROR;
				CLANG_WARN_DOCUMENTATION_COMMENTS = YES;
				CLANG_WARN_EMPTY_BODY = YES;
				CLANG_WARN_ENUM_CONVERSION = YES;
				CLANG_WARN_INFINITE_RECURSION = YES;
				CLANG_WARN_INT_CONVERSION = YES;
				CLANG_WARN_NON_LITERAL_NULL_CONVERSION = YES;
				CLANG_WARN_OBJC_IMPLICIT_RETAIN_SELF = YES;
				CLANG_WARN_OBJC_LITERAL_CONVERSION = YES;
				CLANG_WARN_OBJC_ROOT_CLASS = YES_ERROR;
				CLANG_WARN_QUOTED_INCLUDE_IN_FRAMEWORK_HEADER = YES;
				CLANG_WARN_RANGE_LOOP_ANALYSIS = YES;
				CLANG_WARN_STRICT_PROTOTYPES = YES;
				CLANG_WARN_SUSPICIOUS_MOVE = YES;
				CLANG_WARN_UNGUARDED_AVAILABILITY = YES_AGGRESSIVE;
				CLANG_WARN_UNREACHABLE_CODE = YES;
				CLANG_WARN__DUPLICATE_METHOD_MATCH = YES;
				COPY_PHASE_STRIP = NO;
				DEBUG_INFORMATION_FORMAT = dwarf;
				ENABLE_STRICT_OBJC_MSGSEND = YES;
				ENABLE_TESTABILITY = YES;
				GCC_C_LANGUAGE_STANDARD = gnu11;
				GCC_DYNAMIC_NO_PIC = NO;
				GCC_NO_COMMON_BLOCKS = YES;
				GCC_OPTIMIZATION_LEVEL = 0;
				GCC_PREPROCESSOR_DEFINITIONS = (
					"DEBUG=1",
					"$(inherited)",
				);
				GCC_WARN_64_TO_32_BIT_CONVERSION = YES;
				GCC_WARN_ABOUT_RETURN_TYPE = YES_ERROR;
				GCC_WARN_UNDECLARED_SELECTOR = YES;
				GCC_WARN_UNINITIALIZED_AUTOS = YES_AGGRESSIVE;
				GCC_WARN_UNUSED_FUNCTION = YES;
				GCC_WARN_UNUSED_VARIABLE = YES;
				IPHONEOS_DEPLOYMENT_TARGET = 15.2;
				MTL_ENABLE_DEBUG_INFO = INCLUDE_SOURCE;
				MTL_FAST_MATH = YES;
				ONLY_ACTIVE_ARCH = YES;
				SDKROOT = iphoneos;
				SWIFT_ACTIVE_COMPILATION_CONDITIONS = DEBUG;
				SWIFT_OPTIMIZATION_LEVEL = "-Onone";
			};
			name = Debug;
		};
		BD2B0F3227C556C900D3CD6A /* Release */ = {
			isa = XCBuildConfiguration;
			buildSettings = {
				ALWAYS_SEARCH_USER_PATHS = NO;
				CLANG_ANALYZER_NONNULL = YES;
				CLANG_ANALYZER_NUMBER_OBJECT_CONVERSION = YES_AGGRESSIVE;
				CLANG_CXX_LANGUAGE_STANDARD = "gnu++17";
				CLANG_CXX_LIBRARY = "libc++";
				CLANG_ENABLE_MODULES = YES;
				CLANG_ENABLE_OBJC_ARC = YES;
				CLANG_ENABLE_OBJC_WEAK = YES;
				CLANG_WARN_BLOCK_CAPTURE_AUTORELEASING = YES;
				CLANG_WARN_BOOL_CONVERSION = YES;
				CLANG_WARN_COMMA = YES;
				CLANG_WARN_CONSTANT_CONVERSION = YES;
				CLANG_WARN_DEPRECATED_OBJC_IMPLEMENTATIONS = YES;
				CLANG_WARN_DIRECT_OBJC_ISA_USAGE = YES_ERROR;
				CLANG_WARN_DOCUMENTATION_COMMENTS = YES;
				CLANG_WARN_EMPTY_BODY = YES;
				CLANG_WARN_ENUM_CONVERSION = YES;
				CLANG_WARN_INFINITE_RECURSION = YES;
				CLANG_WARN_INT_CONVERSION = YES;
				CLANG_WARN_NON_LITERAL_NULL_CONVERSION = YES;
				CLANG_WARN_OBJC_IMPLICIT_RETAIN_SELF = YES;
				CLANG_WARN_OBJC_LITERAL_CONVERSION = YES;
				CLANG_WARN_OBJC_ROOT_CLASS = YES_ERROR;
				CLANG_WARN_QUOTED_INCLUDE_IN_FRAMEWORK_HEADER = YES;
				CLANG_WARN_RANGE_LOOP_ANALYSIS = YES;
				CLANG_WARN_STRICT_PROTOTYPES = YES;
				CLANG_WARN_SUSPICIOUS_MOVE = YES;
				CLANG_WARN_UNGUARDED_AVAILABILITY = YES_AGGRESSIVE;
				CLANG_WARN_UNREACHABLE_CODE = YES;
				CLANG_WARN__DUPLICATE_METHOD_MATCH = YES;
				COPY_PHASE_STRIP = NO;
				DEBUG_INFORMATION_FORMAT = "dwarf-with-dsym";
				ENABLE_NS_ASSERTIONS = NO;
				ENABLE_STRICT_OBJC_MSGSEND = YES;
				GCC_C_LANGUAGE_STANDARD = gnu11;
				GCC_NO_COMMON_BLOCKS = YES;
				GCC_WARN_64_TO_32_BIT_CONVERSION = YES;
				GCC_WARN_ABOUT_RETURN_TYPE = YES_ERROR;
				GCC_WARN_UNDECLARED_SELECTOR = YES;
				GCC_WARN_UNINITIALIZED_AUTOS = YES_AGGRESSIVE;
				GCC_WARN_UNUSED_FUNCTION = YES;
				GCC_WARN_UNUSED_VARIABLE = YES;
				IPHONEOS_DEPLOYMENT_TARGET = 15.2;
				MTL_ENABLE_DEBUG_INFO = NO;
				MTL_FAST_MATH = YES;
				SDKROOT = iphoneos;
				SWIFT_COMPILATION_MODE = wholemodule;
				SWIFT_OPTIMIZATION_LEVEL = "-O";
				VALIDATE_PRODUCT = YES;
			};
			name = Release;
		};
		BD2B0F3427C556C900D3CD6A /* Debug */ = {
			isa = XCBuildConfiguration;
			buildSettings = {
				ASSETCATALOG_COMPILER_APPICON_NAME = AppIcon;
				ASSETCATALOG_COMPILER_GLOBAL_ACCENT_COLOR_NAME = AccentColor;
				CODE_SIGN_STYLE = Automatic;
				CURRENT_PROJECT_VERSION = 1;
				DEVELOPMENT_ASSET_PATHS = "\"MealPlanner/Preview Content\"";
				DEVELOPMENT_TEAM = 4AS9B963FQ;
				ENABLE_PREVIEWS = YES;
				GENERATE_INFOPLIST_FILE = YES;
				INFOPLIST_KEY_UIApplicationSceneManifest_Generation = YES;
				INFOPLIST_KEY_UIApplicationSupportsIndirectInputEvents = YES;
				INFOPLIST_KEY_UILaunchScreen_Generation = YES;
				INFOPLIST_KEY_UISupportedInterfaceOrientations_iPad = "UIInterfaceOrientationPortrait UIInterfaceOrientationPortraitUpsideDown UIInterfaceOrientationLandscapeLeft UIInterfaceOrientationLandscapeRight";
				INFOPLIST_KEY_UISupportedInterfaceOrientations_iPhone = "UIInterfaceOrientationPortrait UIInterfaceOrientationLandscapeLeft UIInterfaceOrientationLandscapeRight";
				LD_RUNPATH_SEARCH_PATHS = (
					"$(inherited)",
					"@executable_path/Frameworks",
				);
				MARKETING_VERSION = 1.0;
				PRODUCT_BUNDLE_IDENTIFIER = uk.ac.aber.dcs.jor69.MealPlanner;
				PRODUCT_NAME = "$(TARGET_NAME)";
				SWIFT_EMIT_LOC_STRINGS = YES;
				SWIFT_VERSION = 5.0;
				TARGETED_DEVICE_FAMILY = "1,2";
			};
			name = Debug;
		};
		BD2B0F3527C556C900D3CD6A /* Release */ = {
			isa = XCBuildConfiguration;
			buildSettings = {
				ASSETCATALOG_COMPILER_APPICON_NAME = AppIcon;
				ASSETCATALOG_COMPILER_GLOBAL_ACCENT_COLOR_NAME = AccentColor;
				CODE_SIGN_STYLE = Automatic;
				CURRENT_PROJECT_VERSION = 1;
				DEVELOPMENT_ASSET_PATHS = "\"MealPlanner/Preview Content\"";
				DEVELOPMENT_TEAM = 4AS9B963FQ;
				ENABLE_PREVIEWS = YES;
				GENERATE_INFOPLIST_FILE = YES;
				INFOPLIST_KEY_UIApplicationSceneManifest_Generation = YES;
				INFOPLIST_KEY_UIApplicationSupportsIndirectInputEvents = YES;
				INFOPLIST_KEY_UILaunchScreen_Generation = YES;
				INFOPLIST_KEY_UISupportedInterfaceOrientations_iPad = "UIInterfaceOrientationPortrait UIInterfaceOrientationPortraitUpsideDown UIInterfaceOrientationLandscapeLeft UIInterfaceOrientationLandscapeRight";
				INFOPLIST_KEY_UISupportedInterfaceOrientations_iPhone = "UIInterfaceOrientationPortrait UIInterfaceOrientationLandscapeLeft UIInterfaceOrientationLandscapeRight";
				LD_RUNPATH_SEARCH_PATHS = (
					"$(inherited)",
					"@executable_path/Frameworks",
				);
				MARKETING_VERSION = 1.0;
				PRODUCT_BUNDLE_IDENTIFIER = uk.ac.aber.dcs.jor69.MealPlanner;
				PRODUCT_NAME = "$(TARGET_NAME)";
				SWIFT_EMIT_LOC_STRINGS = YES;
				SWIFT_VERSION = 5.0;
				TARGETED_DEVICE_FAMILY = "1,2";
			};
			name = Release;
		};
		BD2B0F3727C556C900D3CD6A /* Debug */ = {
			isa = XCBuildConfiguration;
			buildSettings = {
				ALWAYS_EMBED_SWIFT_STANDARD_LIBRARIES = YES;
				BUNDLE_LOADER = "$(TEST_HOST)";
				CODE_SIGN_STYLE = Automatic;
				CURRENT_PROJECT_VERSION = 1;
				DEVELOPMENT_TEAM = 4AS9B963FQ;
				GENERATE_INFOPLIST_FILE = YES;
				IPHONEOS_DEPLOYMENT_TARGET = 15.2;
				MARKETING_VERSION = 1.0;
				PRODUCT_BUNDLE_IDENTIFIER = uk.ac.aber.dcs.jor69.MealPlannerTests;
				PRODUCT_NAME = "$(TARGET_NAME)";
				SWIFT_EMIT_LOC_STRINGS = NO;
				SWIFT_VERSION = 5.0;
				TARGETED_DEVICE_FAMILY = "1,2";
				TEST_HOST = "$(BUILT_PRODUCTS_DIR)/MealPlanner.app/MealPlanner";
			};
			name = Debug;
		};
		BD2B0F3827C556C900D3CD6A /* Release */ = {
			isa = XCBuildConfiguration;
			buildSettings = {
				ALWAYS_EMBED_SWIFT_STANDARD_LIBRARIES = YES;
				BUNDLE_LOADER = "$(TEST_HOST)";
				CODE_SIGN_STYLE = Automatic;
				CURRENT_PROJECT_VERSION = 1;
				DEVELOPMENT_TEAM = 4AS9B963FQ;
				GENERATE_INFOPLIST_FILE = YES;
				IPHONEOS_DEPLOYMENT_TARGET = 15.2;
				MARKETING_VERSION = 1.0;
				PRODUCT_BUNDLE_IDENTIFIER = uk.ac.aber.dcs.jor69.MealPlannerTests;
				PRODUCT_NAME = "$(TARGET_NAME)";
				SWIFT_EMIT_LOC_STRINGS = NO;
				SWIFT_VERSION = 5.0;
				TARGETED_DEVICE_FAMILY = "1,2";
				TEST_HOST = "$(BUILT_PRODUCTS_DIR)/MealPlanner.app/MealPlanner";
			};
			name = Release;
		};
		BD2B0F3A27C556C900D3CD6A /* Debug */ = {
			isa = XCBuildConfiguration;
			buildSettings = {
				ALWAYS_EMBED_SWIFT_STANDARD_LIBRARIES = YES;
				CODE_SIGN_STYLE = Automatic;
				CURRENT_PROJECT_VERSION = 1;
				DEVELOPMENT_TEAM = 4AS9B963FQ;
				GENERATE_INFOPLIST_FILE = YES;
				MARKETING_VERSION = 1.0;
				PRODUCT_BUNDLE_IDENTIFIER = uk.ac.aber.dcs.jor69.MealPlannerUITests;
				PRODUCT_NAME = "$(TARGET_NAME)";
				SWIFT_EMIT_LOC_STRINGS = NO;
				SWIFT_VERSION = 5.0;
				TARGETED_DEVICE_FAMILY = "1,2";
				TEST_TARGET_NAME = MealPlanner;
			};
			name = Debug;
		};
		BD2B0F3B27C556C900D3CD6A /* Release */ = {
			isa = XCBuildConfiguration;
			buildSettings = {
				ALWAYS_EMBED_SWIFT_STANDARD_LIBRARIES = YES;
				CODE_SIGN_STYLE = Automatic;
				CURRENT_PROJECT_VERSION = 1;
				DEVELOPMENT_TEAM = 4AS9B963FQ;
				GENERATE_INFOPLIST_FILE = YES;
				MARKETING_VERSION = 1.0;
				PRODUCT_BUNDLE_IDENTIFIER = uk.ac.aber.dcs.jor69.MealPlannerUITests;
				PRODUCT_NAME = "$(TARGET_NAME)";
				SWIFT_EMIT_LOC_STRINGS = NO;
				SWIFT_VERSION = 5.0;
				TARGETED_DEVICE_FAMILY = "1,2";
				TEST_TARGET_NAME = MealPlanner;
			};
			name = Release;
		};
/* End XCBuildConfiguration section */

/* Begin XCConfigurationList section */
		BD2B0F0527C556C800D3CD6A /* Build configuration list for PBXProject "MealPlanner" */ = {
			isa = XCConfigurationList;
			buildConfigurations = (
				BD2B0F3127C556C900D3CD6A /* Debug */,
				BD2B0F3227C556C900D3CD6A /* Release */,
			);
			defaultConfigurationIsVisible = 0;
			defaultConfigurationName = Release;
		};
		BD2B0F3327C556C900D3CD6A /* Build configuration list for PBXNativeTarget "MealPlanner" */ = {
			isa = XCConfigurationList;
			buildConfigurations = (
				BD2B0F3427C556C900D3CD6A /* Debug */,
				BD2B0F3527C556C900D3CD6A /* Release */,
			);
			defaultConfigurationIsVisible = 0;
			defaultConfigurationName = Release;
		};
		BD2B0F3627C556C900D3CD6A /* Build configuration list for PBXNativeTarget "MealPlannerTests" */ = {
			isa = XCConfigurationList;
			buildConfigurations = (
				BD2B0F3727C556C900D3CD6A /* Debug */,
				BD2B0F3827C556C900D3CD6A /* Release */,
			);
			defaultConfigurationIsVisible = 0;
			defaultConfigurationName = Release;
		};
		BD2B0F3927C556C900D3CD6A /* Build configuration list for PBXNativeTarget "MealPlannerUITests" */ = {
			isa = XCConfigurationList;
			buildConfigurations = (
				BD2B0F3A27C556C900D3CD6A /* Debug */,
				BD2B0F3B27C556C900D3CD6A /* Release */,
			);
			defaultConfigurationIsVisible = 0;
			defaultConfigurationName = Release;
		};
/* End XCConfigurationList section */

/* Begin XCVersionGroup section */
		BD2B0F1827C556C900D3CD6A /* MealPlanner.xcdatamodeld */ = {
			isa = XCVersionGroup;
			children = (
				BD2B0F1927C556C900D3CD6A /* MealPlanner.xcdatamodel */,
			);
			currentVersion = BD2B0F1927C556C900D3CD6A /* MealPlanner.xcdatamodel */;
			path = MealPlanner.xcdatamodeld;
			sourceTree = "<group>";
			versionGroupType = wrapper.xcdatamodel;
		};
/* End XCVersionGroup section */
	};
	rootObject = BD2B0F0227C556C800D3CD6A /* Project object */;
}
