// !$*UTF8*$!
{
	archiveVersion = 1;
	classes = {
	};
	objectVersion = 55;
	objects = {

/* Begin PBXBuildFile section */
		BD018C6327E0D80B00508661 /* MealPlanService.swift in Sources */ = {isa = PBXBuildFile; fileRef = BD018C6227E0D80B00508661 /* MealPlanService.swift */; };
		BD018C6527E0D81700508661 /* RecipeListService.swift in Sources */ = {isa = PBXBuildFile; fileRef = BD018C6427E0D81700508661 /* RecipeListService.swift */; };
		BD018C6827E0D86000508661 /* RecipeListServiceTests.swift in Sources */ = {isa = PBXBuildFile; fileRef = BD018C6727E0D86000508661 /* RecipeListServiceTests.swift */; };
		BD018C6A27E0D87200508661 /* MealPlanServiceTests.swift in Sources */ = {isa = PBXBuildFile; fileRef = BD018C6927E0D87200508661 /* MealPlanServiceTests.swift */; };
		BD018C6C27E0EDA200508661 /* DateSelector.swift in Sources */ = {isa = PBXBuildFile; fileRef = BD018C6B27E0EDA200508661 /* DateSelector.swift */; };
		BD023F4327DA473B007638E9 /* RecipeListView.swift in Sources */ = {isa = PBXBuildFile; fileRef = BD023F4227DA473B007638E9 /* RecipeListView.swift */; };
		BD0B40D927DA656F001F07C4 /* MealPlanView.swift in Sources */ = {isa = PBXBuildFile; fileRef = BD0B40D827DA656F001F07C4 /* MealPlanView.swift */; };
		BD0B40DB27DA6C0B001F07C4 /* RecipeListItemView.swift in Sources */ = {isa = PBXBuildFile; fileRef = BD0B40DA27DA6C0B001F07C4 /* RecipeListItemView.swift */; };
		BD2B0F0E27C556C800D3CD6A /* MealPlannerApp.swift in Sources */ = {isa = PBXBuildFile; fileRef = BD2B0F0D27C556C800D3CD6A /* MealPlannerApp.swift */; };
		BD2B0F1027C556C800D3CD6A /* MainView.swift in Sources */ = {isa = PBXBuildFile; fileRef = BD2B0F0F27C556C800D3CD6A /* MainView.swift */; };
		BD2B0F1227C556C900D3CD6A /* Assets.xcassets in Resources */ = {isa = PBXBuildFile; fileRef = BD2B0F1127C556C900D3CD6A /* Assets.xcassets */; };
		BD2B0F1527C556C900D3CD6A /* Preview Assets.xcassets in Resources */ = {isa = PBXBuildFile; fileRef = BD2B0F1427C556C900D3CD6A /* Preview Assets.xcassets */; };
		BD2B0F2427C556C900D3CD6A /* MealPlannerTests.swift in Sources */ = {isa = PBXBuildFile; fileRef = BD2B0F2327C556C900D3CD6A /* MealPlannerTests.swift */; };
		BD2B0F2E27C556C900D3CD6A /* MealPlannerUITests.swift in Sources */ = {isa = PBXBuildFile; fileRef = BD2B0F2D27C556C900D3CD6A /* MealPlannerUITests.swift */; };
		BD2B0F3027C556C900D3CD6A /* MealPlannerUITestsLaunchTests.swift in Sources */ = {isa = PBXBuildFile; fileRef = BD2B0F2F27C556C900D3CD6A /* MealPlannerUITestsLaunchTests.swift */; };
		BD2C1BE327E1E24200769FD0 /* NutritionView.swift in Sources */ = {isa = PBXBuildFile; fileRef = BD2C1BE227E1E24200769FD0 /* NutritionView.swift */; };
		BD2C1BE527E1E27500769FD0 /* CalorieView.swift in Sources */ = {isa = PBXBuildFile; fileRef = BD2C1BE427E1E27500769FD0 /* CalorieView.swift */; };
		BD2C1BE827E1E5EE00769FD0 /* HealthStore.swift in Sources */ = {isa = PBXBuildFile; fileRef = BD2C1BE727E1E5EE00769FD0 /* HealthStore.swift */; };
		BD2C1BEC27E1ED9F00769FD0 /* HealthKit.framework in Frameworks */ = {isa = PBXBuildFile; fileRef = BD2C1BEB27E1ED9F00769FD0 /* HealthKit.framework */; };
		BD32CA6127E340C90011EBF9 /* TimePeriod.swift in Sources */ = {isa = PBXBuildFile; fileRef = BD32CA6027E340C90011EBF9 /* TimePeriod.swift */; };
		BD67925B27E21B4C006523AC /* StageHeaderView.swift in Sources */ = {isa = PBXBuildFile; fileRef = BD67925A27E21B4C006523AC /* StageHeaderView.swift */; };
		BD67925E27E21F4E006523AC /* DeviceRotationViewModifier.swift in Sources */ = {isa = PBXBuildFile; fileRef = BD67925D27E21F4E006523AC /* DeviceRotationViewModifier.swift */; };
		BD67926227E239C5006523AC /* AddRecipePickerView.swift in Sources */ = {isa = PBXBuildFile; fileRef = BD67926127E239C5006523AC /* AddRecipePickerView.swift */; };
		BDA7781227E1110900EF1229 /* Instruction+CoreDataClass.swift in Sources */ = {isa = PBXBuildFile; fileRef = BDA7780827E1110900EF1229 /* Instruction+CoreDataClass.swift */; };
		BDA7781327E1110900EF1229 /* Instruction+CoreDataProperties.swift in Sources */ = {isa = PBXBuildFile; fileRef = BDA7780927E1110900EF1229 /* Instruction+CoreDataProperties.swift */; };
		BDA7781427E1110900EF1229 /* Ingredient+CoreDataClass.swift in Sources */ = {isa = PBXBuildFile; fileRef = BDA7780A27E1110900EF1229 /* Ingredient+CoreDataClass.swift */; };
		BDA7781527E1110900EF1229 /* Ingredient+CoreDataProperties.swift in Sources */ = {isa = PBXBuildFile; fileRef = BDA7780B27E1110900EF1229 /* Ingredient+CoreDataProperties.swift */; };
		BDA7781627E1110900EF1229 /* MealPlan+CoreDataClass.swift in Sources */ = {isa = PBXBuildFile; fileRef = BDA7780C27E1110900EF1229 /* MealPlan+CoreDataClass.swift */; };
		BDA7781727E1110900EF1229 /* MealPlan+CoreDataProperties.swift in Sources */ = {isa = PBXBuildFile; fileRef = BDA7780D27E1110900EF1229 /* MealPlan+CoreDataProperties.swift */; };
		BDA7781827E1110900EF1229 /* MealPlanStage+CoreDataClass.swift in Sources */ = {isa = PBXBuildFile; fileRef = BDA7780E27E1110900EF1229 /* MealPlanStage+CoreDataClass.swift */; };
		BDA7781927E1110900EF1229 /* MealPlanStage+CoreDataProperties.swift in Sources */ = {isa = PBXBuildFile; fileRef = BDA7780F27E1110900EF1229 /* MealPlanStage+CoreDataProperties.swift */; };
		BDA7781A27E1110900EF1229 /* Recipe+CoreDataClass.swift in Sources */ = {isa = PBXBuildFile; fileRef = BDA7781027E1110900EF1229 /* Recipe+CoreDataClass.swift */; };
		BDA7781B27E1110900EF1229 /* Recipe+CoreDataProperties.swift in Sources */ = {isa = PBXBuildFile; fileRef = BDA7781127E1110900EF1229 /* Recipe+CoreDataProperties.swift */; };
		BDDA404F27DF774C000BAE32 /* Main.xcdatamodeld in Sources */ = {isa = PBXBuildFile; fileRef = BDDA404D27DF774C000BAE32 /* Main.xcdatamodeld */; };
		BDDA406E27DF9EA4000BAE32 /* PersistenceController.swift in Sources */ = {isa = PBXBuildFile; fileRef = BDDA406D27DF9EA4000BAE32 /* PersistenceController.swift */; };
/* End PBXBuildFile section */

/* Begin PBXContainerItemProxy section */
		BD2B0F2027C556C900D3CD6A /* PBXContainerItemProxy */ = {
			isa = PBXContainerItemProxy;
			containerPortal = BD2B0F0227C556C800D3CD6A /* Project object */;
			proxyType = 1;
			remoteGlobalIDString = BD2B0F0927C556C800D3CD6A;
			remoteInfo = MealPlanner;
		};
		BD2B0F2A27C556C900D3CD6A /* PBXContainerItemProxy */ = {
			isa = PBXContainerItemProxy;
			containerPortal = BD2B0F0227C556C800D3CD6A /* Project object */;
			proxyType = 1;
			remoteGlobalIDString = BD2B0F0927C556C800D3CD6A;
			remoteInfo = MealPlanner;
		};
/* End PBXContainerItemProxy section */

/* Begin PBXFileReference section */
		BD018C6227E0D80B00508661 /* MealPlanService.swift */ = {isa = PBXFileReference; lastKnownFileType = sourcecode.swift; path = MealPlanService.swift; sourceTree = "<group>"; };
		BD018C6427E0D81700508661 /* RecipeListService.swift */ = {isa = PBXFileReference; lastKnownFileType = sourcecode.swift; path = RecipeListService.swift; sourceTree = "<group>"; };
		BD018C6727E0D86000508661 /* RecipeListServiceTests.swift */ = {isa = PBXFileReference; lastKnownFileType = sourcecode.swift; path = RecipeListServiceTests.swift; sourceTree = "<group>"; };
		BD018C6927E0D87200508661 /* MealPlanServiceTests.swift */ = {isa = PBXFileReference; lastKnownFileType = sourcecode.swift; path = MealPlanServiceTests.swift; sourceTree = "<group>"; };
		BD018C6B27E0EDA200508661 /* DateSelector.swift */ = {isa = PBXFileReference; lastKnownFileType = sourcecode.swift; path = DateSelector.swift; sourceTree = "<group>"; };
		BD023F4227DA473B007638E9 /* RecipeListView.swift */ = {isa = PBXFileReference; lastKnownFileType = sourcecode.swift; path = RecipeListView.swift; sourceTree = "<group>"; };
		BD0B40D827DA656F001F07C4 /* MealPlanView.swift */ = {isa = PBXFileReference; lastKnownFileType = sourcecode.swift; path = MealPlanView.swift; sourceTree = "<group>"; };
		BD0B40DA27DA6C0B001F07C4 /* RecipeListItemView.swift */ = {isa = PBXFileReference; lastKnownFileType = sourcecode.swift; path = RecipeListItemView.swift; sourceTree = "<group>"; };
		BD2B0F0A27C556C800D3CD6A /* MealPlanner.app */ = {isa = PBXFileReference; explicitFileType = wrapper.application; includeInIndex = 0; path = MealPlanner.app; sourceTree = BUILT_PRODUCTS_DIR; };
		BD2B0F0D27C556C800D3CD6A /* MealPlannerApp.swift */ = {isa = PBXFileReference; lastKnownFileType = sourcecode.swift; path = MealPlannerApp.swift; sourceTree = "<group>"; };
		BD2B0F0F27C556C800D3CD6A /* MainView.swift */ = {isa = PBXFileReference; lastKnownFileType = sourcecode.swift; path = MainView.swift; sourceTree = "<group>"; };
		BD2B0F1127C556C900D3CD6A /* Assets.xcassets */ = {isa = PBXFileReference; lastKnownFileType = folder.assetcatalog; path = Assets.xcassets; sourceTree = "<group>"; };
		BD2B0F1427C556C900D3CD6A /* Preview Assets.xcassets */ = {isa = PBXFileReference; lastKnownFileType = folder.assetcatalog; path = "Preview Assets.xcassets"; sourceTree = "<group>"; };
		BD2B0F1F27C556C900D3CD6A /* MealPlannerTests.xctest */ = {isa = PBXFileReference; explicitFileType = wrapper.cfbundle; includeInIndex = 0; path = MealPlannerTests.xctest; sourceTree = BUILT_PRODUCTS_DIR; };
		BD2B0F2327C556C900D3CD6A /* MealPlannerTests.swift */ = {isa = PBXFileReference; lastKnownFileType = sourcecode.swift; path = MealPlannerTests.swift; sourceTree = "<group>"; };
		BD2B0F2927C556C900D3CD6A /* MealPlannerUITests.xctest */ = {isa = PBXFileReference; explicitFileType = wrapper.cfbundle; includeInIndex = 0; path = MealPlannerUITests.xctest; sourceTree = BUILT_PRODUCTS_DIR; };
		BD2B0F2D27C556C900D3CD6A /* MealPlannerUITests.swift */ = {isa = PBXFileReference; lastKnownFileType = sourcecode.swift; path = MealPlannerUITests.swift; sourceTree = "<group>"; };
		BD2B0F2F27C556C900D3CD6A /* MealPlannerUITestsLaunchTests.swift */ = {isa = PBXFileReference; lastKnownFileType = sourcecode.swift; path = MealPlannerUITestsLaunchTests.swift; sourceTree = "<group>"; };
		BD2C1BE227E1E24200769FD0 /* NutritionView.swift */ = {isa = PBXFileReference; lastKnownFileType = sourcecode.swift; path = NutritionView.swift; sourceTree = "<group>"; };
		BD2C1BE427E1E27500769FD0 /* CalorieView.swift */ = {isa = PBXFileReference; lastKnownFileType = sourcecode.swift; path = CalorieView.swift; sourceTree = "<group>"; };
		BD2C1BE727E1E5EE00769FD0 /* HealthStore.swift */ = {isa = PBXFileReference; lastKnownFileType = sourcecode.swift; path = HealthStore.swift; sourceTree = "<group>"; };
		BD2C1BE927E1ED9F00769FD0 /* MealPlanner.entitlements */ = {isa = PBXFileReference; lastKnownFileType = text.plist.entitlements; path = MealPlanner.entitlements; sourceTree = "<group>"; };
		BD2C1BEB27E1ED9F00769FD0 /* HealthKit.framework */ = {isa = PBXFileReference; lastKnownFileType = wrapper.framework; name = HealthKit.framework; path = System/Library/Frameworks/HealthKit.framework; sourceTree = SDKROOT; };
		BD32CA6027E340C90011EBF9 /* TimePeriod.swift */ = {isa = PBXFileReference; lastKnownFileType = sourcecode.swift; path = TimePeriod.swift; sourceTree = "<group>"; };
		BD67925A27E21B4C006523AC /* StageHeaderView.swift */ = {isa = PBXFileReference; lastKnownFileType = sourcecode.swift; path = StageHeaderView.swift; sourceTree = "<group>"; };
		BD67925D27E21F4E006523AC /* DeviceRotationViewModifier.swift */ = {isa = PBXFileReference; lastKnownFileType = sourcecode.swift; path = DeviceRotationViewModifier.swift; sourceTree = "<group>"; };
		BD67926127E239C5006523AC /* AddRecipePickerView.swift */ = {isa = PBXFileReference; lastKnownFileType = sourcecode.swift; path = AddRecipePickerView.swift; sourceTree = "<group>"; };
		BDA7780827E1110900EF1229 /* Instruction+CoreDataClass.swift */ = {isa = PBXFileReference; lastKnownFileType = sourcecode.swift; path = "Instruction+CoreDataClass.swift"; sourceTree = SOURCE_ROOT; };
		BDA7780927E1110900EF1229 /* Instruction+CoreDataProperties.swift */ = {isa = PBXFileReference; lastKnownFileType = sourcecode.swift; path = "Instruction+CoreDataProperties.swift"; sourceTree = SOURCE_ROOT; };
		BDA7780A27E1110900EF1229 /* Ingredient+CoreDataClass.swift */ = {isa = PBXFileReference; lastKnownFileType = sourcecode.swift; path = "Ingredient+CoreDataClass.swift"; sourceTree = SOURCE_ROOT; };
		BDA7780B27E1110900EF1229 /* Ingredient+CoreDataProperties.swift */ = {isa = PBXFileReference; lastKnownFileType = sourcecode.swift; path = "Ingredient+CoreDataProperties.swift"; sourceTree = SOURCE_ROOT; };
		BDA7780C27E1110900EF1229 /* MealPlan+CoreDataClass.swift */ = {isa = PBXFileReference; lastKnownFileType = sourcecode.swift; path = "MealPlan+CoreDataClass.swift"; sourceTree = SOURCE_ROOT; };
		BDA7780D27E1110900EF1229 /* MealPlan+CoreDataProperties.swift */ = {isa = PBXFileReference; lastKnownFileType = sourcecode.swift; path = "MealPlan+CoreDataProperties.swift"; sourceTree = SOURCE_ROOT; };
		BDA7780E27E1110900EF1229 /* MealPlanStage+CoreDataClass.swift */ = {isa = PBXFileReference; lastKnownFileType = sourcecode.swift; path = "MealPlanStage+CoreDataClass.swift"; sourceTree = SOURCE_ROOT; };
		BDA7780F27E1110900EF1229 /* MealPlanStage+CoreDataProperties.swift */ = {isa = PBXFileReference; lastKnownFileType = sourcecode.swift; path = "MealPlanStage+CoreDataProperties.swift"; sourceTree = SOURCE_ROOT; };
		BDA7781027E1110900EF1229 /* Recipe+CoreDataClass.swift */ = {isa = PBXFileReference; lastKnownFileType = sourcecode.swift; path = "Recipe+CoreDataClass.swift"; sourceTree = SOURCE_ROOT; };
		BDA7781127E1110900EF1229 /* Recipe+CoreDataProperties.swift */ = {isa = PBXFileReference; lastKnownFileType = sourcecode.swift; path = "Recipe+CoreDataProperties.swift"; sourceTree = SOURCE_ROOT; };
		BDDA404E27DF774C000BAE32 /* Main.xcdatamodel */ = {isa = PBXFileReference; lastKnownFileType = wrapper.xcdatamodel; path = Main.xcdatamodel; sourceTree = "<group>"; };
		BDDA406D27DF9EA4000BAE32 /* PersistenceController.swift */ = {isa = PBXFileReference; lastKnownFileType = sourcecode.swift; path = PersistenceController.swift; sourceTree = "<group>"; };
/* End PBXFileReference section */

/* Begin PBXFrameworksBuildPhase section */
		BD2B0F0727C556C800D3CD6A /* Frameworks */ = {
			isa = PBXFrameworksBuildPhase;
			buildActionMask = 2147483647;
			files = (
				BD2C1BEC27E1ED9F00769FD0 /* HealthKit.framework in Frameworks */,
			);
			runOnlyForDeploymentPostprocessing = 0;
		};
		BD2B0F1C27C556C900D3CD6A /* Frameworks */ = {
			isa = PBXFrameworksBuildPhase;
			buildActionMask = 2147483647;
			files = (
			);
			runOnlyForDeploymentPostprocessing = 0;
		};
		BD2B0F2627C556C900D3CD6A /* Frameworks */ = {
			isa = PBXFrameworksBuildPhase;
			buildActionMask = 2147483647;
			files = (
			);
			runOnlyForDeploymentPostprocessing = 0;
		};
/* End PBXFrameworksBuildPhase section */

/* Begin PBXGroup section */
		BD018C3627E08FB800508661 /* CustomNSManagedObjects */ = {
			isa = PBXGroup;
			children = (
				BDA7780827E1110900EF1229 /* Instruction+CoreDataClass.swift */,
				BDA7780927E1110900EF1229 /* Instruction+CoreDataProperties.swift */,
				BDA7780A27E1110900EF1229 /* Ingredient+CoreDataClass.swift */,
				BDA7780B27E1110900EF1229 /* Ingredient+CoreDataProperties.swift */,
				BDA7780C27E1110900EF1229 /* MealPlan+CoreDataClass.swift */,
				BDA7780D27E1110900EF1229 /* MealPlan+CoreDataProperties.swift */,
				BDA7780E27E1110900EF1229 /* MealPlanStage+CoreDataClass.swift */,
				BDA7780F27E1110900EF1229 /* MealPlanStage+CoreDataProperties.swift */,
				BDA7781027E1110900EF1229 /* Recipe+CoreDataClass.swift */,
				BDA7781127E1110900EF1229 /* Recipe+CoreDataProperties.swift */,
			);
			path = CustomNSManagedObjects;
			sourceTree = "<group>";
		};
		BD018C6127E0D7F800508661 /* Service */ = {
			isa = PBXGroup;
			children = (
				BD018C6227E0D80B00508661 /* MealPlanService.swift */,
				BD018C6427E0D81700508661 /* RecipeListService.swift */,
			);
			path = Service;
			sourceTree = "<group>";
		};
		BD018C6627E0D83800508661 /* Service */ = {
			isa = PBXGroup;
			children = (
				BD018C6727E0D86000508661 /* RecipeListServiceTests.swift */,
				BD018C6927E0D87200508661 /* MealPlanServiceTests.swift */,
			);
			path = Service;
			sourceTree = "<group>";
		};
		BD2B0F0127C556C800D3CD6A = {
			isa = PBXGroup;
			children = (
				BD2B0F0C27C556C800D3CD6A /* MealPlanner */,
				BD2B0F2227C556C900D3CD6A /* MealPlannerTests */,
				BD2B0F2C27C556C900D3CD6A /* MealPlannerUITests */,
				BD2B0F0B27C556C800D3CD6A /* Products */,
				BD2C1BEA27E1ED9F00769FD0 /* Frameworks */,
			);
			sourceTree = "<group>";
		};
		BD2B0F0B27C556C800D3CD6A /* Products */ = {
			isa = PBXGroup;
			children = (
				BD2B0F0A27C556C800D3CD6A /* MealPlanner.app */,
				BD2B0F1F27C556C900D3CD6A /* MealPlannerTests.xctest */,
				BD2B0F2927C556C900D3CD6A /* MealPlannerUITests.xctest */,
			);
			name = Products;
			sourceTree = "<group>";
		};
		BD2B0F0C27C556C800D3CD6A /* MealPlanner */ = {
			isa = PBXGroup;
			children = (
				BD32CA5F27E340B00011EBF9 /* Enums */,
				BD2C1BE927E1ED9F00769FD0 /* MealPlanner.entitlements */,
				BD2C1BE627E1E5CA00769FD0 /* ViewModel */,
				BD018C6127E0D7F800508661 /* Service */,
				BD83D47B27D7BEC2003261DE /* View */,
				BD83D47A27D7BEB7003261DE /* Model */,
				BD2B0F0D27C556C800D3CD6A /* MealPlannerApp.swift */,
				BD2B0F1127C556C900D3CD6A /* Assets.xcassets */,
				BD2B0F1327C556C900D3CD6A /* Preview Content */,
			);
			path = MealPlanner;
			sourceTree = "<group>";
		};
		BD2B0F1327C556C900D3CD6A /* Preview Content */ = {
			isa = PBXGroup;
			children = (
				BD2B0F1427C556C900D3CD6A /* Preview Assets.xcassets */,
			);
			path = "Preview Content";
			sourceTree = "<group>";
		};
		BD2B0F2227C556C900D3CD6A /* MealPlannerTests */ = {
			isa = PBXGroup;
			children = (
				BD018C6627E0D83800508661 /* Service */,
				BD2FD3B927DB6C44004BABB9 /* Model */,
				BD83D48327D7C372003261DE /* View */,
				BD2B0F2327C556C900D3CD6A /* MealPlannerTests.swift */,
			);
			path = MealPlannerTests;
			sourceTree = "<group>";
		};
		BD2B0F2C27C556C900D3CD6A /* MealPlannerUITests */ = {
			isa = PBXGroup;
			children = (
				BD2B0F2D27C556C900D3CD6A /* MealPlannerUITests.swift */,
				BD2B0F2F27C556C900D3CD6A /* MealPlannerUITestsLaunchTests.swift */,
			);
			path = MealPlannerUITests;
			sourceTree = "<group>";
		};
		BD2C1BE627E1E5CA00769FD0 /* ViewModel */ = {
			isa = PBXGroup;
			children = (
				BD2C1BE727E1E5EE00769FD0 /* HealthStore.swift */,
			);
			path = ViewModel;
			sourceTree = "<group>";
		};
		BD2C1BEA27E1ED9F00769FD0 /* Frameworks */ = {
			isa = PBXGroup;
			children = (
				BD2C1BEB27E1ED9F00769FD0 /* HealthKit.framework */,
			);
			name = Frameworks;
			sourceTree = "<group>";
		};
		BD2FD3B927DB6C44004BABB9 /* Model */ = {
			isa = PBXGroup;
			children = (
			);
			path = Model;
			sourceTree = "<group>";
		};
		BD32CA5F27E340B00011EBF9 /* Enums */ = {
			isa = PBXGroup;
			children = (
				BD32CA6027E340C90011EBF9 /* TimePeriod.swift */,
			);
			path = Enums;
			sourceTree = "<group>";
		};
		BD67925627E21AE8006523AC /* Screens */ = {
			isa = PBXGroup;
			children = (
				BD2C1BE227E1E24200769FD0 /* NutritionView.swift */,
				BD023F4227DA473B007638E9 /* RecipeListView.swift */,
				BD0B40D827DA656F001F07C4 /* MealPlanView.swift */,
				BD2B0F0F27C556C800D3CD6A /* MainView.swift */,
			);
			path = Screens;
			sourceTree = "<group>";
		};
		BD67925727E21AF2006523AC /* Subviews */ = {
			isa = PBXGroup;
			children = (
				BD0B40DA27DA6C0B001F07C4 /* RecipeListItemView.swift */,
				BD018C6B27E0EDA200508661 /* DateSelector.swift */,
				BD2C1BE427E1E27500769FD0 /* CalorieView.swift */,
				BD67925A27E21B4C006523AC /* StageHeaderView.swift */,
				BD67926127E239C5006523AC /* AddRecipePickerView.swift */,
			);
			path = Subviews;
			sourceTree = "<group>";
		};
		BD67925C27E21F32006523AC /* ViewModifiers */ = {
			isa = PBXGroup;
			children = (
				BD67925D27E21F4E006523AC /* DeviceRotationViewModifier.swift */,
			);
			path = ViewModifiers;
			sourceTree = "<group>";
		};
		BD83D47A27D7BEB7003261DE /* Model */ = {
			isa = PBXGroup;
			children = (
				BDDA405827DF7C68000BAE32 /* CoreData */,
			);
			path = Model;
			sourceTree = "<group>";
		};
		BD83D47B27D7BEC2003261DE /* View */ = {
			isa = PBXGroup;
			children = (
				BD67925C27E21F32006523AC /* ViewModifiers */,
				BD67925727E21AF2006523AC /* Subviews */,
				BD67925627E21AE8006523AC /* Screens */,
			);
			path = View;
			sourceTree = "<group>";
		};
		BD83D48327D7C372003261DE /* View */ = {
			isa = PBXGroup;
			children = (
			);
			path = View;
			sourceTree = "<group>";
		};
		BDDA405827DF7C68000BAE32 /* CoreData */ = {
			isa = PBXGroup;
			children = (
				BD018C3627E08FB800508661 /* CustomNSManagedObjects */,
				BDDA404D27DF774C000BAE32 /* Main.xcdatamodeld */,
				BDDA406D27DF9EA4000BAE32 /* PersistenceController.swift */,
			);
			path = CoreData;
			sourceTree = "<group>";
		};
/* End PBXGroup section */

/* Begin PBXNativeTarget section */
		BD2B0F0927C556C800D3CD6A /* MealPlanner */ = {
			isa = PBXNativeTarget;
			buildConfigurationList = BD2B0F3327C556C900D3CD6A /* Build configuration list for PBXNativeTarget "MealPlanner" */;
			buildPhases = (
				BD2B0F0627C556C800D3CD6A /* Sources */,
				BD2B0F0727C556C800D3CD6A /* Frameworks */,
				BD2B0F0827C556C800D3CD6A /* Resources */,
			);
			buildRules = (
			);
			dependencies = (
			);
			name = MealPlanner;
			productName = MealPlanner;
			productReference = BD2B0F0A27C556C800D3CD6A /* MealPlanner.app */;
			productType = "com.apple.product-type.application";
		};
		BD2B0F1E27C556C900D3CD6A /* MealPlannerTests */ = {
			isa = PBXNativeTarget;
			buildConfigurationList = BD2B0F3627C556C900D3CD6A /* Build configuration list for PBXNativeTarget "MealPlannerTests" */;
			buildPhases = (
				BD2B0F1B27C556C900D3CD6A /* Sources */,
				BD2B0F1C27C556C900D3CD6A /* Frameworks */,
				BD2B0F1D27C556C900D3CD6A /* Resources */,
			);
			buildRules = (
			);
			dependencies = (
				BD2B0F2127C556C900D3CD6A /* PBXTargetDependency */,
			);
			name = MealPlannerTests;
			productName = MealPlannerTests;
			productReference = BD2B0F1F27C556C900D3CD6A /* MealPlannerTests.xctest */;
			productType = "com.apple.product-type.bundle.unit-test";
		};
		BD2B0F2827C556C900D3CD6A /* MealPlannerUITests */ = {
			isa = PBXNativeTarget;
			buildConfigurationList = BD2B0F3927C556C900D3CD6A /* Build configuration list for PBXNativeTarget "MealPlannerUITests" */;
			buildPhases = (
				BD2B0F2527C556C900D3CD6A /* Sources */,
				BD2B0F2627C556C900D3CD6A /* Frameworks */,
				BD2B0F2727C556C900D3CD6A /* Resources */,
			);
			buildRules = (
			);
			dependencies = (
				BD2B0F2B27C556C900D3CD6A /* PBXTargetDependency */,
			);
			name = MealPlannerUITests;
			productName = MealPlannerUITests;
			productReference = BD2B0F2927C556C900D3CD6A /* MealPlannerUITests.xctest */;
			productType = "com.apple.product-type.bundle.ui-testing";
		};
/* End PBXNativeTarget section */

/* Begin PBXProject section */
		BD2B0F0227C556C800D3CD6A /* Project object */ = {
			isa = PBXProject;
			attributes = {
				BuildIndependentTargetsInParallel = 1;
				LastSwiftUpdateCheck = 1320;
				LastUpgradeCheck = 1320;
				TargetAttributes = {
					BD2B0F0927C556C800D3CD6A = {
						CreatedOnToolsVersion = 13.2.1;
					};
					BD2B0F1E27C556C900D3CD6A = {
						CreatedOnToolsVersion = 13.2.1;
						TestTargetID = BD2B0F0927C556C800D3CD6A;
					};
					BD2B0F2827C556C900D3CD6A = {
						CreatedOnToolsVersion = 13.2.1;
						TestTargetID = BD2B0F0927C556C800D3CD6A;
					};
				};
			};
			buildConfigurationList = BD2B0F0527C556C800D3CD6A /* Build configuration list for PBXProject "MealPlanner" */;
			compatibilityVersion = "Xcode 13.0";
			developmentRegion = en;
			hasScannedForEncodings = 0;
			knownRegions = (
				en,
				Base,
			);
			mainGroup = BD2B0F0127C556C800D3CD6A;
			productRefGroup = BD2B0F0B27C556C800D3CD6A /* Products */;
			projectDirPath = "";
			projectRoot = "";
			targets = (
				BD2B0F0927C556C800D3CD6A /* MealPlanner */,
				BD2B0F1E27C556C900D3CD6A /* MealPlannerTests */,
				BD2B0F2827C556C900D3CD6A /* MealPlannerUITests */,
			);
		};
/* End PBXProject section */

/* Begin PBXResourcesBuildPhase section */
		BD2B0F0827C556C800D3CD6A /* Resources */ = {
			isa = PBXResourcesBuildPhase;
			buildActionMask = 2147483647;
			files = (
				BD2B0F1527C556C900D3CD6A /* Preview Assets.xcassets in Resources */,
				BD2B0F1227C556C900D3CD6A /* Assets.xcassets in Resources */,
			);
			runOnlyForDeploymentPostprocessing = 0;
		};
		BD2B0F1D27C556C900D3CD6A /* Resources */ = {
			isa = PBXResourcesBuildPhase;
			buildActionMask = 2147483647;
			files = (
			);
			runOnlyForDeploymentPostprocessing = 0;
		};
		BD2B0F2727C556C900D3CD6A /* Resources */ = {
			isa = PBXResourcesBuildPhase;
			buildActionMask = 2147483647;
			files = (
			);
			runOnlyForDeploymentPostprocessing = 0;
		};
/* End PBXResourcesBuildPhase section */

/* Begin PBXSourcesBuildPhase section */
		BD2B0F0627C556C800D3CD6A /* Sources */ = {
			isa = PBXSourcesBuildPhase;
			buildActionMask = 2147483647;
			files = (
				BDA7781327E1110900EF1229 /* Instruction+CoreDataProperties.swift in Sources */,
				BD0B40D927DA656F001F07C4 /* MealPlanView.swift in Sources */,
				BD2C1BE527E1E27500769FD0 /* CalorieView.swift in Sources */,
				BDA7781A27E1110900EF1229 /* Recipe+CoreDataClass.swift in Sources */,
				BDA7781227E1110900EF1229 /* Instruction+CoreDataClass.swift in Sources */,
				BDA7781727E1110900EF1229 /* MealPlan+CoreDataProperties.swift in Sources */,
				BDA7781B27E1110900EF1229 /* Recipe+CoreDataProperties.swift in Sources */,
				BD2C1BE327E1E24200769FD0 /* NutritionView.swift in Sources */,
				BD018C6327E0D80B00508661 /* MealPlanService.swift in Sources */,
				BD0B40DB27DA6C0B001F07C4 /* RecipeListItemView.swift in Sources */,
				BD67926227E239C5006523AC /* AddRecipePickerView.swift in Sources */,
				BD018C6C27E0EDA200508661 /* DateSelector.swift in Sources */,
				BD2B0F1027C556C800D3CD6A /* MainView.swift in Sources */,
				BDA7781427E1110900EF1229 /* Ingredient+CoreDataClass.swift in Sources */,
				BDA7781527E1110900EF1229 /* Ingredient+CoreDataProperties.swift in Sources */,
				BD2B0F0E27C556C800D3CD6A /* MealPlannerApp.swift in Sources */,
				BD018C6527E0D81700508661 /* RecipeListService.swift in Sources */,
				BD67925B27E21B4C006523AC /* StageHeaderView.swift in Sources */,
				BDA7781627E1110900EF1229 /* MealPlan+CoreDataClass.swift in Sources */,
				BD67925E27E21F4E006523AC /* DeviceRotationViewModifier.swift in Sources */,
				BD023F4327DA473B007638E9 /* RecipeListView.swift in Sources */,
				BDDA404F27DF774C000BAE32 /* Main.xcdatamodeld in Sources */,
				BDDA406E27DF9EA4000BAE32 /* PersistenceController.swift in Sources */,
				BD32CA6127E340C90011EBF9 /* TimePeriod.swift in Sources */,
				BDA7781927E1110900EF1229 /* MealPlanStage+CoreDataProperties.swift in Sources */,
				BDA7781827E1110900EF1229 /* MealPlanStage+CoreDataClass.swift in Sources */,
				BD2C1BE827E1E5EE00769FD0 /* HealthStore.swift in Sources */,
			);
			runOnlyForDeploymentPostprocessing = 0;
		};
		BD2B0F1B27C556C900D3CD6A /* Sources */ = {
			isa = PBXSourcesBuildPhase;
			buildActionMask = 2147483647;
			files = (
				BD2B0F2427C556C900D3CD6A /* MealPlannerTests.swift in Sources */,
				BD018C6A27E0D87200508661 /* MealPlanServiceTests.swift in Sources */,
				BD018C6827E0D86000508661 /* RecipeListServiceTests.swift in Sources */,
			);
			runOnlyForDeploymentPostprocessing = 0;
		};
		BD2B0F2527C556C900D3CD6A /* Sources */ = {
			isa = PBXSourcesBuildPhase;
			buildActionMask = 2147483647;
			files = (
				BD2B0F3027C556C900D3CD6A /* MealPlannerUITestsLaunchTests.swift in Sources */,
				BD2B0F2E27C556C900D3CD6A /* MealPlannerUITests.swift in Sources */,
			);
			runOnlyForDeploymentPostprocessing = 0;
		};
/* End PBXSourcesBuildPhase section */

/* Begin PBXTargetDependency section */
		BD2B0F2127C556C900D3CD6A /* PBXTargetDependency */ = {
			isa = PBXTargetDependency;
			target = BD2B0F0927C556C800D3CD6A /* MealPlanner */;
			targetProxy = BD2B0F2027C556C900D3CD6A /* PBXContainerItemProxy */;
		};
		BD2B0F2B27C556C900D3CD6A /* PBXTargetDependency */ = {
			isa = PBXTargetDependency;
			target = BD2B0F0927C556C800D3CD6A /* MealPlanner */;
			targetProxy = BD2B0F2A27C556C900D3CD6A /* PBXContainerItemProxy */;
		};
/* End PBXTargetDependency section */

/* Begin XCBuildConfiguration section */
		BD2B0F3127C556C900D3CD6A /* Debug */ = {
			isa = XCBuildConfiguration;
			buildSettings = {
				ALWAYS_SEARCH_USER_PATHS = NO;
				CLANG_ANALYZER_NONNULL = YES;
				CLANG_ANALYZER_NUMBER_OBJECT_CONVERSION = YES_AGGRESSIVE;
				CLANG_CXX_LANGUAGE_STANDARD = "gnu++17";
				CLANG_CXX_LIBRARY = "libc++";
				CLANG_ENABLE_MODULES = YES;
				CLANG_ENABLE_OBJC_ARC = YES;
				CLANG_ENABLE_OBJC_WEAK = YES;
				CLANG_WARN_BLOCK_CAPTURE_AUTORELEASING = YES;
				CLANG_WARN_BOOL_CONVERSION = YES;
				CLANG_WARN_COMMA = YES;
				CLANG_WARN_CONSTANT_CONVERSION = YES;
				CLANG_WARN_DEPRECATED_OBJC_IMPLEMENTATIONS = YES;
				CLANG_WARN_DIRECT_OBJC_ISA_USAGE = YES_ERROR;
				CLANG_WARN_DOCUMENTATION_COMMENTS = YES;
				CLANG_WARN_EMPTY_BODY = YES;
				CLANG_WARN_ENUM_CONVERSION = YES;
				CLANG_WARN_INFINITE_RECURSION = YES;
				CLANG_WARN_INT_CONVERSION = YES;
				CLANG_WARN_NON_LITERAL_NULL_CONVERSION = YES;
				CLANG_WARN_OBJC_IMPLICIT_RETAIN_SELF = YES;
				CLANG_WARN_OBJC_LITERAL_CONVERSION = YES;
				CLANG_WARN_OBJC_ROOT_CLASS = YES_ERROR;
				CLANG_WARN_QUOTED_INCLUDE_IN_FRAMEWORK_HEADER = YES;
				CLANG_WARN_RANGE_LOOP_ANALYSIS = YES;
				CLANG_WARN_STRICT_PROTOTYPES = YES;
				CLANG_WARN_SUSPICIOUS_MOVE = YES;
				CLANG_WARN_UNGUARDED_AVAILABILITY = YES_AGGRESSIVE;
				CLANG_WARN_UNREACHABLE_CODE = YES;
				CLANG_WARN__DUPLICATE_METHOD_MATCH = YES;
				COPY_PHASE_STRIP = NO;
				DEBUG_INFORMATION_FORMAT = dwarf;
				ENABLE_STRICT_OBJC_MSGSEND = YES;
				ENABLE_TESTABILITY = YES;
				GCC_C_LANGUAGE_STANDARD = gnu11;
				GCC_DYNAMIC_NO_PIC = NO;
				GCC_NO_COMMON_BLOCKS = YES;
				GCC_OPTIMIZATION_LEVEL = 0;
				GCC_PREPROCESSOR_DEFINITIONS = (
					"DEBUG=1",
					"$(inherited)",
				);
				GCC_WARN_64_TO_32_BIT_CONVERSION = YES;
				GCC_WARN_ABOUT_RETURN_TYPE = YES_ERROR;
				GCC_WARN_UNDECLARED_SELECTOR = YES;
				GCC_WARN_UNINITIALIZED_AUTOS = YES_AGGRESSIVE;
				GCC_WARN_UNUSED_FUNCTION = YES;
				GCC_WARN_UNUSED_VARIABLE = YES;
				IPHONEOS_DEPLOYMENT_TARGET = 15.2;
				MTL_ENABLE_DEBUG_INFO = INCLUDE_SOURCE;
				MTL_FAST_MATH = YES;
				ONLY_ACTIVE_ARCH = YES;
				SDKROOT = iphoneos;
				SWIFT_ACTIVE_COMPILATION_CONDITIONS = DEBUG;
				SWIFT_OPTIMIZATION_LEVEL = "-Onone";
			};
			name = Debug;
		};
		BD2B0F3227C556C900D3CD6A /* Release */ = {
			isa = XCBuildConfiguration;
			buildSettings = {
				ALWAYS_SEARCH_USER_PATHS = NO;
				CLANG_ANALYZER_NONNULL = YES;
				CLANG_ANALYZER_NUMBER_OBJECT_CONVERSION = YES_AGGRESSIVE;
				CLANG_CXX_LANGUAGE_STANDARD = "gnu++17";
				CLANG_CXX_LIBRARY = "libc++";
				CLANG_ENABLE_MODULES = YES;
				CLANG_ENABLE_OBJC_ARC = YES;
				CLANG_ENABLE_OBJC_WEAK = YES;
				CLANG_WARN_BLOCK_CAPTURE_AUTORELEASING = YES;
				CLANG_WARN_BOOL_CONVERSION = YES;
				CLANG_WARN_COMMA = YES;
				CLANG_WARN_CONSTANT_CONVERSION = YES;
				CLANG_WARN_DEPRECATED_OBJC_IMPLEMENTATIONS = YES;
				CLANG_WARN_DIRECT_OBJC_ISA_USAGE = YES_ERROR;
				CLANG_WARN_DOCUMENTATION_COMMENTS = YES;
				CLANG_WARN_EMPTY_BODY = YES;
				CLANG_WARN_ENUM_CONVERSION = YES;
				CLANG_WARN_INFINITE_RECURSION = YES;
				CLANG_WARN_INT_CONVERSION = YES;
				CLANG_WARN_NON_LITERAL_NULL_CONVERSION = YES;
				CLANG_WARN_OBJC_IMPLICIT_RETAIN_SELF = YES;
				CLANG_WARN_OBJC_LITERAL_CONVERSION = YES;
				CLANG_WARN_OBJC_ROOT_CLASS = YES_ERROR;
				CLANG_WARN_QUOTED_INCLUDE_IN_FRAMEWORK_HEADER = YES;
				CLANG_WARN_RANGE_LOOP_ANALYSIS = YES;
				CLANG_WARN_STRICT_PROTOTYPES = YES;
				CLANG_WARN_SUSPICIOUS_MOVE = YES;
				CLANG_WARN_UNGUARDED_AVAILABILITY = YES_AGGRESSIVE;
				CLANG_WARN_UNREACHABLE_CODE = YES;
				CLANG_WARN__DUPLICATE_METHOD_MATCH = YES;
				COPY_PHASE_STRIP = NO;
				DEBUG_INFORMATION_FORMAT = "dwarf-with-dsym";
				ENABLE_NS_ASSERTIONS = NO;
				ENABLE_STRICT_OBJC_MSGSEND = YES;
				GCC_C_LANGUAGE_STANDARD = gnu11;
				GCC_NO_COMMON_BLOCKS = YES;
				GCC_WARN_64_TO_32_BIT_CONVERSION = YES;
				GCC_WARN_ABOUT_RETURN_TYPE = YES_ERROR;
				GCC_WARN_UNDECLARED_SELECTOR = YES;
				GCC_WARN_UNINITIALIZED_AUTOS = YES_AGGRESSIVE;
				GCC_WARN_UNUSED_FUNCTION = YES;
				GCC_WARN_UNUSED_VARIABLE = YES;
				IPHONEOS_DEPLOYMENT_TARGET = 15.2;
				MTL_ENABLE_DEBUG_INFO = NO;
				MTL_FAST_MATH = YES;
				SDKROOT = iphoneos;
				SWIFT_COMPILATION_MODE = wholemodule;
				SWIFT_OPTIMIZATION_LEVEL = "-O";
				VALIDATE_PRODUCT = YES;
			};
			name = Release;
		};
		BD2B0F3427C556C900D3CD6A /* Debug */ = {
			isa = XCBuildConfiguration;
			buildSettings = {
				ASSETCATALOG_COMPILER_APPICON_NAME = AppIcon;
				ASSETCATALOG_COMPILER_GLOBAL_ACCENT_COLOR_NAME = AccentColor;
				CODE_SIGN_ENTITLEMENTS = MealPlanner/MealPlanner.entitlements;
				CODE_SIGN_STYLE = Automatic;
				CURRENT_PROJECT_VERSION = 1;
				DEVELOPMENT_ASSET_PATHS = "\"MealPlanner/Preview Content\"";
				DEVELOPMENT_TEAM = 4AS9B963FQ;
				ENABLE_PREVIEWS = YES;
				GENERATE_INFOPLIST_FILE = YES;
				INFOPLIST_KEY_NSHealthShareUsageDescription = "Display calorie information";
				INFOPLIST_KEY_UIApplicationSceneManifest_Generation = YES;
				INFOPLIST_KEY_UIApplicationSupportsIndirectInputEvents = YES;
				INFOPLIST_KEY_UILaunchScreen_Generation = YES;
				INFOPLIST_KEY_UISupportedInterfaceOrientations_iPad = "UIInterfaceOrientationPortrait UIInterfaceOrientationPortraitUpsideDown UIInterfaceOrientationLandscapeLeft UIInterfaceOrientationLandscapeRight";
				INFOPLIST_KEY_UISupportedInterfaceOrientations_iPhone = "UIInterfaceOrientationPortrait UIInterfaceOrientationLandscapeLeft UIInterfaceOrientationLandscapeRight";
				LD_RUNPATH_SEARCH_PATHS = (
					"$(inherited)",
					"@executable_path/Frameworks",
				);
				MARKETING_VERSION = 1.0;
				PRODUCT_BUNDLE_IDENTIFIER = uk.ac.aber.dcs.jor69.MealPlanner;
				PRODUCT_NAME = "$(TARGET_NAME)";
				SWIFT_EMIT_LOC_STRINGS = YES;
				SWIFT_VERSION = 5.0;
				TARGETED_DEVICE_FAMILY = "1,2";
			};
			name = Debug;
		};
		BD2B0F3527C556C900D3CD6A /* Release */ = {
			isa = XCBuildConfiguration;
			buildSettings = {
				ASSETCATALOG_COMPILER_APPICON_NAME = AppIcon;
				ASSETCATALOG_COMPILER_GLOBAL_ACCENT_COLOR_NAME = AccentColor;
				CODE_SIGN_ENTITLEMENTS = MealPlanner/MealPlanner.entitlements;
				CODE_SIGN_STYLE = Automatic;
				CURRENT_PROJECT_VERSION = 1;
				DEVELOPMENT_ASSET_PATHS = "\"MealPlanner/Preview Content\"";
				DEVELOPMENT_TEAM = 4AS9B963FQ;
				ENABLE_PREVIEWS = YES;
				GENERATE_INFOPLIST_FILE = YES;
				INFOPLIST_KEY_NSHealthShareUsageDescription = "Display calorie information";
				INFOPLIST_KEY_UIApplicationSceneManifest_Generation = YES;
				INFOPLIST_KEY_UIApplicationSupportsIndirectInputEvents = YES;
				INFOPLIST_KEY_UILaunchScreen_Generation = YES;
				INFOPLIST_KEY_UISupportedInterfaceOrientations_iPad = "UIInterfaceOrientationPortrait UIInterfaceOrientationPortraitUpsideDown UIInterfaceOrientationLandscapeLeft UIInterfaceOrientationLandscapeRight";
				INFOPLIST_KEY_UISupportedInterfaceOrientations_iPhone = "UIInterfaceOrientationPortrait UIInterfaceOrientationLandscapeLeft UIInterfaceOrientationLandscapeRight";
				LD_RUNPATH_SEARCH_PATHS = (
					"$(inherited)",
					"@executable_path/Frameworks",
				);
				MARKETING_VERSION = 1.0;
				PRODUCT_BUNDLE_IDENTIFIER = uk.ac.aber.dcs.jor69.MealPlanner;
				PRODUCT_NAME = "$(TARGET_NAME)";
				SWIFT_EMIT_LOC_STRINGS = YES;
				SWIFT_VERSION = 5.0;
				TARGETED_DEVICE_FAMILY = "1,2";
			};
			name = Release;
		};
		BD2B0F3727C556C900D3CD6A /* Debug */ = {
			isa = XCBuildConfiguration;
			buildSettings = {
				ALWAYS_EMBED_SWIFT_STANDARD_LIBRARIES = YES;
				BUNDLE_LOADER = "$(TEST_HOST)";
				CODE_SIGN_STYLE = Automatic;
				CURRENT_PROJECT_VERSION = 1;
				DEVELOPMENT_TEAM = 4AS9B963FQ;
				GENERATE_INFOPLIST_FILE = YES;
				IPHONEOS_DEPLOYMENT_TARGET = 15.2;
				MARKETING_VERSION = 1.0;
				PRODUCT_BUNDLE_IDENTIFIER = uk.ac.aber.dcs.jor69.MealPlannerTests;
				PRODUCT_NAME = "$(TARGET_NAME)";
				SWIFT_EMIT_LOC_STRINGS = NO;
				SWIFT_VERSION = 5.0;
				TARGETED_DEVICE_FAMILY = "1,2";
				TEST_HOST = "$(BUILT_PRODUCTS_DIR)/MealPlanner.app/MealPlanner";
			};
			name = Debug;
		};
		BD2B0F3827C556C900D3CD6A /* Release */ = {
			isa = XCBuildConfiguration;
			buildSettings = {
				ALWAYS_EMBED_SWIFT_STANDARD_LIBRARIES = YES;
				BUNDLE_LOADER = "$(TEST_HOST)";
				CODE_SIGN_STYLE = Automatic;
				CURRENT_PROJECT_VERSION = 1;
				DEVELOPMENT_TEAM = 4AS9B963FQ;
				GENERATE_INFOPLIST_FILE = YES;
				IPHONEOS_DEPLOYMENT_TARGET = 15.2;
				MARKETING_VERSION = 1.0;
				PRODUCT_BUNDLE_IDENTIFIER = uk.ac.aber.dcs.jor69.MealPlannerTests;
				PRODUCT_NAME = "$(TARGET_NAME)";
				SWIFT_EMIT_LOC_STRINGS = NO;
				SWIFT_VERSION = 5.0;
				TARGETED_DEVICE_FAMILY = "1,2";
				TEST_HOST = "$(BUILT_PRODUCTS_DIR)/MealPlanner.app/MealPlanner";
			};
			name = Release;
		};
		BD2B0F3A27C556C900D3CD6A /* Debug */ = {
			isa = XCBuildConfiguration;
			buildSettings = {
				ALWAYS_EMBED_SWIFT_STANDARD_LIBRARIES = YES;
				CODE_SIGN_STYLE = Automatic;
				CURRENT_PROJECT_VERSION = 1;
				DEVELOPMENT_TEAM = 4AS9B963FQ;
				GENERATE_INFOPLIST_FILE = YES;
				MARKETING_VERSION = 1.0;
				PRODUCT_BUNDLE_IDENTIFIER = uk.ac.aber.dcs.jor69.MealPlannerUITests;
				PRODUCT_NAME = "$(TARGET_NAME)";
				SWIFT_EMIT_LOC_STRINGS = NO;
				SWIFT_VERSION = 5.0;
				TARGETED_DEVICE_FAMILY = "1,2";
				TEST_TARGET_NAME = MealPlanner;
			};
			name = Debug;
		};
		BD2B0F3B27C556C900D3CD6A /* Release */ = {
			isa = XCBuildConfiguration;
			buildSettings = {
				ALWAYS_EMBED_SWIFT_STANDARD_LIBRARIES = YES;
				CODE_SIGN_STYLE = Automatic;
				CURRENT_PROJECT_VERSION = 1;
				DEVELOPMENT_TEAM = 4AS9B963FQ;
				GENERATE_INFOPLIST_FILE = YES;
				MARKETING_VERSION = 1.0;
				PRODUCT_BUNDLE_IDENTIFIER = uk.ac.aber.dcs.jor69.MealPlannerUITests;
				PRODUCT_NAME = "$(TARGET_NAME)";
				SWIFT_EMIT_LOC_STRINGS = NO;
				SWIFT_VERSION = 5.0;
				TARGETED_DEVICE_FAMILY = "1,2";
				TEST_TARGET_NAME = MealPlanner;
			};
			name = Release;
		};
/* End XCBuildConfiguration section */

/* Begin XCConfigurationList section */
		BD2B0F0527C556C800D3CD6A /* Build configuration list for PBXProject "MealPlanner" */ = {
			isa = XCConfigurationList;
			buildConfigurations = (
				BD2B0F3127C556C900D3CD6A /* Debug */,
				BD2B0F3227C556C900D3CD6A /* Release */,
			);
			defaultConfigurationIsVisible = 0;
			defaultConfigurationName = Release;
		};
		BD2B0F3327C556C900D3CD6A /* Build configuration list for PBXNativeTarget "MealPlanner" */ = {
			isa = XCConfigurationList;
			buildConfigurations = (
				BD2B0F3427C556C900D3CD6A /* Debug */,
				BD2B0F3527C556C900D3CD6A /* Release */,
			);
			defaultConfigurationIsVisible = 0;
			defaultConfigurationName = Release;
		};
		BD2B0F3627C556C900D3CD6A /* Build configuration list for PBXNativeTarget "MealPlannerTests" */ = {
			isa = XCConfigurationList;
			buildConfigurations = (
				BD2B0F3727C556C900D3CD6A /* Debug */,
				BD2B0F3827C556C900D3CD6A /* Release */,
			);
			defaultConfigurationIsVisible = 0;
			defaultConfigurationName = Release;
		};
		BD2B0F3927C556C900D3CD6A /* Build configuration list for PBXNativeTarget "MealPlannerUITests" */ = {
			isa = XCConfigurationList;
			buildConfigurations = (
				BD2B0F3A27C556C900D3CD6A /* Debug */,
				BD2B0F3B27C556C900D3CD6A /* Release */,
			);
			defaultConfigurationIsVisible = 0;
			defaultConfigurationName = Release;
		};
/* End XCConfigurationList section */

/* Begin XCVersionGroup section */
		BDDA404D27DF774C000BAE32 /* Main.xcdatamodeld */ = {
			isa = XCVersionGroup;
			children = (
				BDDA404E27DF774C000BAE32 /* Main.xcdatamodel */,
			);
			currentVersion = BDDA404E27DF774C000BAE32 /* Main.xcdatamodel */;
			path = Main.xcdatamodeld;
			sourceTree = "<group>";
			versionGroupType = wrapper.xcdatamodel;
		};
/* End XCVersionGroup section */
	};
	rootObject = BD2B0F0227C556C800D3CD6A /* Project object */;
}
